
Microsoft Visual Studio Solution File, Format Version 12.00
# Visual Studio Version 16
VisualStudioVersion = 16.0.31624.102
MinimumVisualStudioVersion = 10.0.40219.1
Project("{FAE04EC0-301F-11D3-BF4B-00C04F79EFBC}") = "SafecityProj", "SafecityProj\SafecityProj.csproj", "{9B1E05FA-B272-4FB9-B57F-E4A11C888C85}"
EndProject
Global
	GlobalSection(SolutionConfigurationPlatforms) = preSolution
		Debug|Any CPU = Debug|Any CPU
		Release|Any CPU = Release|Any CPU
	EndGlobalSection
	GlobalSection(ProjectConfigurationPlatforms) = postSolution
		{9B1E05FA-B272-4FB9-B57F-E4A11C888C85}.Debug|Any CPU.ActiveCfg = Debug|Any CPU
		{9B1E05FA-B272-4FB9-B57F-E4A11C888C85}.Debug|Any CPU.Build.0 = Debug|Any CPU
		{9B1E05FA-B272-4FB9-B57F-E4A11C888C85}.Release|Any CPU.ActiveCfg = Release|Any CPU
		{9B1E05FA-B272-4FB9-B57F-E4A11C888C85}.Release|Any CPU.Build.0 = Release|Any CPU
	EndGlobalSection
	GlobalSection(SolutionProperties) = preSolution
		HideSolutionNode = FALSE
	EndGlobalSection
	GlobalSection(ExtensibilityGlobals) = postSolution
		SolutionGuid = {A8C3C870-CE13-429C-A581-31B5BC2A1608}
	EndGlobalSection
EndGlobal
